[{
  "_id": {
    "$oid": "68142b1d93f7fdcac954115a"
  },
  "name": "CARNAVAL HẠ LONG 2025 \"KẾT NỐI DI SẢN - TIÊN PHONG TỎA SÁNG\" aa",
  "description": "Trực Tiếp: CARNAVAL HẠ LONG 2025 \"KẾT NỐI DI SẢN - TIÊN PHONG TỎA SÁNG\"",
  "image": "https://img.youtube.com/vi/SNiy6orEN0o/sddefault.jpg",
  "videoID": "SNiy6orEN0o",
  "level": "Trung bình",
  "slug": "carnaval-h-long-2025-kt-ni-di-sn---tin-phong-ta-sng",
  "deleted": false,
  "createdAt": {
    "$date": "2025-05-02T02:17:01.973Z"
  },
  "updatedAt": {
    "$date": "2025-05-07T09:59:55.932Z"
  },
  "__v": 0,
  "videoId": ""
},
{
  "_id": {
    "$oid": "68178303e0bc1d6d75a506ba"
  },
  "name": "Anh đi",
  "description": "Sort middleware Cập nhật tháng 2 năm 2022  Tham gia nhóm Học lập trình tại F8 trên Facebook để cùng nhau trao đổi trong quá trình học tập ❤️  Các bạn subscribe kênh Youtube F8 Official để nhận thông báo khi có các bài học mới nhé ❤️",
  "image": "https://img.youtube.com/vi/g4z5zwJMSuo/sddefault.jpg",
  "videoID": "g4z5zwJMSuo",
  "level": "Hấp dẫn",
  "slug": "anh-i",
  "deleted": false,
  "createdAt": {
    "$date": "2025-05-04T15:08:51.233Z"
  },
  "updatedAt": {
    "$date": "2025-05-04T15:08:51.233Z"
  },
  "__v": 0
},
{
  "_id": {
    "$oid": "681ad01d7303a704ca56dec3"
  },
  "name": "Đoàn Nam Dương",
  "description": "Hà Nội - TP Hồ Chí Minh",
  "image": "https://img.youtube.com/vi/MMgPOQ9gJhM/sddefault.jpg",
  "videoID": "MMgPOQ9gJhM",
  "level": "Hấp dẫn",
  "deleted": false,
  "createdAt": {
    "$date": "2025-05-07T03:14:37.210Z"
  },
  "updatedAt": {
    "$date": "2025-05-07T03:14:37.210Z"
  },
  "slug": "djoan-nam-duong",
  "__v": 0
},
{
  "_id": {
    "$oid": "681c80e93a24d9be7f0d0845"
  },
  "name": "Du lịch Quảng Ninh 2023 - cập nhật chi tiết các điểm đến siêu đẹp hot nhất",
  "description": "Quảng Ninh hiện đang là một trong những điểm đến du lịch được nhiều du khách trong và ngoài nước ưa thích nhờ sở hữu địa hình sông núi, biển đảo khá đa dạng. Đến đây, bạn sẽ có được hành trình tham quan, khám phá vùng đất mỏ tuyệt đẹp này. Những khung cảnh thiên nhiên mang lại, như một tuyệt tác nghệ thuật. Dù là lần đầu hay đã nhiều lần đặt chân đến vùng đất mỏ Quảng Ninh, bạn cũng sẽ say đắm trước những cảnh đẹp thiên nhiên này. Vậy đến du lịch Quảng Ninh nên đi đâu? Hãy cùng Blog Du Lịch điểm qua danh sách 20 địa điểm du lịch Quảng Ninh đẹp nhất trong video dưới đây nhé! 1/ Vịnh Hạ Long  Địa chỉ: Hạ Long, Quảng Ninh. Vịnh Hạ Long được coi là một địa điểm, danh lam thắng cảnh cực kỳ nổi tiếng và là biểu tượng du lịch của Quảng Ninh. Không cần khoe thì hẳn nhiều bạn cũng biết với vẻ đẹp thiên nhiên đa dạng kỳ thú vì vừa có biển, vừa có hang động và lại có vách núi, nên Vịnh Hạ Long được công nhận là Di Sản Thiên Nhiên Thế Giới.  2/ Bán đảo Tuần Châu Địa chỉ: Tuần Châu, Hạ Long, Quảng Ninh. Ngay bên cạnh Vịnh Hạ Long thì bán đảo Tuần Châu cũng là một trong các địa điểm du lịch nổi tiếng ở Quảng Ninh mà bạn nên ghé đến. Và nếu bạn chưa biết thì đảo Tuần Châu Quảng Ninh được quy hoawchj khai thác du lịch rất chỉnh chu nhằm mang đến cho du khách những giờ phút  tham quan, nghỉ ngơi và vui chơi giải trí cực kỳ thú vị. 3/ Bãi biển Bãi Cháy  Địa chỉ: Tuần Châu, Hạ Long, Quảng Ninh. Địa điểm du lịch Quảng Ninh đẹp tiếp theo bạn nhất định phải đến đó là biển Bãi Cháy. Bởi bạn sẽ cảm thấy kinh ngạc với một bờ biển nhân tạo được xây dựng có chiều dài hơn 1km.  4/ Bãi biển Trà Cổ Địa chỉ: Móng Cái, Quảng Ninh. Có thể bạn chưa biết nhưng Bãi biển Trà Cổ là một trong những bãi biển dài nhất tại Việt Nam, có hình dáng cánh cung và là một trong những điểm đến lý tưởng trong các chuyến du lịch Quảng Ninh nhé.  5/ Biển Quan Lạn Địa chỉ: Vân Đồn, Quảng Ninh. Lại thêm 1 địa điểm du lịch đẹp ở Quảng Ninh được nhiều du khách ghé đến tham quan. Nói chính xác hơn thì Quan Lạn là 1 hòn đảo thuộc tỉnh Quảng Ninh và có rất nhiều bãi biển hoang sơ tuyệt đẹp.  6/ Đảo Cô Tô  Địa chỉ: Cô Tô, Quảng Ninh. Đảo Cô Tô cũng là một địa điểm du lịch nổi tiếng được ví như “nàng thơ” của Quảng Ninh và có tên gọi cổ là Chàng Sơn. Ngoài những bãi biển xinh đẹp còn hoang so và ít chịu tác động của con người thì tại địa điểm du lịch Quảng Ninh nổi tiếng này còn có rất nhiều điểm check in đẹ như bãi đá Cầu Mỵ, cầu cảng Cô Tô, đảo Cô Tô con, con đường tình yêu,... 7/Chùa Ba Vàng Địa chỉ: Tổ 17B khu 5A, Quang Trung, Uông Bí, Quảng Ninh. Thời gian mở cửa: 6h20 - 22h Đây là một trong những ngôi chùa linh thiêng nhất đất mỏ được tọa lạc trên một ngọn núi với diện tích lên đến 1.000m2 mang đến sự hùng vĩ và linh thiêng. Khi đến chùa Ba Vàng Quảng Ninh, bạn sẽ cảm nhận được sự thanh tịnh, an yên với những bức tượng Phật, cùng không gian thanh vắng, nhẹ nhàng.  8/ Chùa Yên Tử 9/ Đền Cửa Ông 10/ Chùa Lôi Âm  11/ Bảo tàng Quảng Ninh 12/ Chùa Cái Bầu 13/ Thác Mơ 14/ Suối khoáng nóng Yoko Onsen Quang Hanh 15/ Đảo Rều  16/ Khu du lịch Vũng Đục Cẩm Phả  17/ Vịnh Bái Tử Long 18/ Mũi Sa Vĩ 19/ Biển Vân Đồn  20/ Đảo Cái Chiên Trên đây là tổng hợp 20 địa điểm du lịch ở Quảng Ninh xinh đẹp và nổi tiếng nhất 2023 mà bạn nên đến ít nhất 1 lần. Hy vọng qua video này sẽ giúp bạn tìm được cho mình nơi mà mình cần đến để chuẩn bị cho chuyến du lịch Quảng Ninh sắp tới nhé. Cảm ơn các bạn đã xem video. Đừng quên đăng ký, nhấn chuông, like và share để nhận thêm nhiều video chia sẽ thông tin hữu ích từ kênh nhé Xin chào và hẹn gặp lại trong các video sau ",
  "image": "https://img.youtube.com/vi/AgFrCNGLNUw/sddefault.jpg",
  "videoID": "AgFrCNGLNUw",
  "level": "Hấp dẫn",
  "deleted": false,
  "createdAt": {
    "$date": "2025-05-08T10:01:13.302Z"
  },
  "updatedAt": {
    "$date": "2025-05-08T10:01:13.302Z"
  },
  "slug": "du-lich-quang-ninh-2023-cap-nhat-chi-tiet-cac-djiem-djen-sieu-djep-hot-nhat",
  "__v": 0
},
{
  "_id": {
    "$oid": "681c813d3a24d9be7f0d0849"
  },
  "name": "Top 9 những địa điểm du lịch Đà Nẵng nổi tiếng",
  "description": "1. Khu Du Lịch Bà Nà Hills. Địa chỉ: Hòa Phú, Hòa Vang, Đà Nẵng. 2. Công Viên Suối Khoáng Nóng Núi Thần Tài. Địa chỉ: Quốc lộ 14G, Hòa Phú, Hòa Vang, Đà Nẵng. 3. Bãi Tắm Biển Mỹ Khê. Địa chỉ: Dọc đường Võ Nguyên Giáp, Phước Mỹ, Sơn Trà. 4. Bán Đảo Sơn Trà. Địa chỉ: Quận Sơn Trà, Đà Nẵng. 5. Công Viên Châu Á Đà Nẵng. Địa chỉ: số 1 Phan Đăng Lưu, Hoà Cường Bắc, Hải Châu, Đà Nẵng. 6. Cầu Quay Sông Hàn. Địa chỉ: Hải Châu 1, Hải Châu, Đà Nẵng. 7. Cầu Rồng Phun Lửa – Phun Nước. Địa điểm: Bờ sông Hàn, Đà Nẵng. 8. Bảo Tàng Điêu Khắc Chăm. Địa chỉ: Số 2 Đường 2 Tháng 9, Bình Hiên, Hải Châu, Đà Nẵng. 9. Danh thắng Ngũ Hành Sơn. Địa chỉ: số 81 đường Huyền Trân Công Chúa, Ngũ Hành Sơn, Đà Nẵng. Còn chần chừ gì nữa, hãy xách ba lô lên và đi khám phá, top 9 những khu du lịch #danang  nổi tiếng trên đây nhé các bạn.",
  "image": "https://img.youtube.com/vi/TxHE0Kmmcgk/sddefault.jpg",
  "videoID": "TxHE0Kmmcgk",
  "level": "Cao",
  "deleted": false,
  "createdAt": {
    "$date": "2025-05-08T10:02:37.603Z"
  },
  "updatedAt": {
    "$date": "2025-05-08T10:02:37.603Z"
  },
  "slug": "top-9-nhung-djia-djiem-du-lich-dja-nang-noi-tieng",
  "__v": 0
}]